
Microsoft Visual Studio Solution File, Format Version 11.00
# Visual Studio 2010
Project("{FAE04EC0-301F-11D3-BF4B-00C04F79EFBC}") = "DocumentEditorLibrary", "DocumentEditorLibrary\DocumentEditorLibrary.csproj", "{4C99E76A-C1D1-4708-8D30-D09056863F7F}"
EndProject
Project("{FAE04EC0-301F-11D3-BF4B-00C04F79EFBC}") = "DocumentEditorLibraryTest", "DocumentEditorLibraryTest\DocumentEditorLibraryTest.csproj", "{D29319BD-1DFB-470D-B017-D8BC9FF261E6}"
EndProject
Project("{FAE04EC0-301F-11D3-BF4B-00C04F79EFBC}") = "DocumentEditorWebService", "DocumentEditorWebService\DocumentEditorWebService.csproj", "{9CC8CABC-CF85-4E35-B932-D0BBC3B9502C}"
EndProject
Global
	GlobalSection(SolutionConfigurationPlatforms) = preSolution
		Debug|Any CPU = Debug|Any CPU
		Release|Any CPU = Release|Any CPU
	EndGlobalSection
	GlobalSection(ProjectConfigurationPlatforms) = postSolution
		{4C99E76A-C1D1-4708-8D30-D09056863F7F}.Debug|Any CPU.ActiveCfg = Debug|Any CPU
		{4C99E76A-C1D1-4708-8D30-D09056863F7F}.Debug|Any CPU.Build.0 = Debug|Any CPU
		{4C99E76A-C1D1-4708-8D30-D09056863F7F}.Release|Any CPU.ActiveCfg = Release|Any CPU
		{4C99E76A-C1D1-4708-8D30-D09056863F7F}.Release|Any CPU.Build.0 = Release|Any CPU
		{D29319BD-1DFB-470D-B017-D8BC9FF261E6}.Debug|Any CPU.ActiveCfg = Debug|Any CPU
		{D29319BD-1DFB-470D-B017-D8BC9FF261E6}.Debug|Any CPU.Build.0 = Debug|Any CPU
		{D29319BD-1DFB-470D-B017-D8BC9FF261E6}.Release|Any CPU.ActiveCfg = Release|Any CPU
		{D29319BD-1DFB-470D-B017-D8BC9FF261E6}.Release|Any CPU.Build.0 = Release|Any CPU
		{9CC8CABC-CF85-4E35-B932-D0BBC3B9502C}.Debug|Any CPU.ActiveCfg = Debug|Any CPU
		{9CC8CABC-CF85-4E35-B932-D0BBC3B9502C}.Debug|Any CPU.Build.0 = Debug|Any CPU
		{9CC8CABC-CF85-4E35-B932-D0BBC3B9502C}.Release|Any CPU.ActiveCfg = Release|Any CPU
		{9CC8CABC-CF85-4E35-B932-D0BBC3B9502C}.Release|Any CPU.Build.0 = Release|Any CPU
	EndGlobalSection
	GlobalSection(SolutionProperties) = preSolution
		HideSolutionNode = FALSE
	EndGlobalSection
EndGlobal
